# This file is automatically @generated by Cargo.
# It is not intended for manual editing.
version = 3

[[package]]
name = "box_t"
version = "0.1.0"

[[package]]
name = "rc_t"
version = "0.1.0"

[[package]]
name = "refcell_t"
version = "0.1.0"

[[package]]
name = "sm_pntrs"
version = "0.1.0"
dependencies = [
 "box_t",
 "rc_t",
 "refcell_t",
]
